
Microsoft Visual Studio Solution File, Format Version 12.00
# Visual Studio Version 17
VisualStudioVersion = 17.7.34024.191
MinimumVisualStudioVersion = 10.0.40219.1
Project("{FAE04EC0-301F-11D3-BF4B-00C04F79EFBC}") = "01. Students", "01. Students.csproj", "{804F2688-08B2-4D16-AD81-5D2936B90C8B}"
EndProject
Project("{FAE04EC0-301F-11D3-BF4B-00C04F79EFBC}") = "02. Articles", "..\02. Articles\02. Articles.csproj", "{EC697F89-0671-4F95-BBA1-2BB99EDE6763}"
EndProject
Project("{FAE04EC0-301F-11D3-BF4B-00C04F79EFBC}") = "03. Teamwork Projects", "..\03. Teamwork Projects\03. Teamwork Projects.csproj", "{7592F056-8BB8-4A63-A477-5DE3122F9B4A}"
EndProject
Global
	GlobalSection(SolutionConfigurationPlatforms) = preSolution
		Debug|Any CPU = Debug|Any CPU
		Release|Any CPU = Release|Any CPU
	EndGlobalSection
	GlobalSection(ProjectConfigurationPlatforms) = postSolution
		{804F2688-08B2-4D16-AD81-5D2936B90C8B}.Debug|Any CPU.ActiveCfg = Debug|Any CPU
		{804F2688-08B2-4D16-AD81-5D2936B90C8B}.Debug|Any CPU.Build.0 = Debug|Any CPU
		{804F2688-08B2-4D16-AD81-5D2936B90C8B}.Release|Any CPU.ActiveCfg = Release|Any CPU
		{804F2688-08B2-4D16-AD81-5D2936B90C8B}.Release|Any CPU.Build.0 = Release|Any CPU
		{EC697F89-0671-4F95-BBA1-2BB99EDE6763}.Debug|Any CPU.ActiveCfg = Debug|Any CPU
		{EC697F89-0671-4F95-BBA1-2BB99EDE6763}.Debug|Any CPU.Build.0 = Debug|Any CPU
		{EC697F89-0671-4F95-BBA1-2BB99EDE6763}.Release|Any CPU.ActiveCfg = Release|Any CPU
		{EC697F89-0671-4F95-BBA1-2BB99EDE6763}.Release|Any CPU.Build.0 = Release|Any CPU
		{7592F056-8BB8-4A63-A477-5DE3122F9B4A}.Debug|Any CPU.ActiveCfg = Debug|Any CPU
		{7592F056-8BB8-4A63-A477-5DE3122F9B4A}.Debug|Any CPU.Build.0 = Debug|Any CPU
		{7592F056-8BB8-4A63-A477-5DE3122F9B4A}.Release|Any CPU.ActiveCfg = Release|Any CPU
		{7592F056-8BB8-4A63-A477-5DE3122F9B4A}.Release|Any CPU.Build.0 = Release|Any CPU
	EndGlobalSection
	GlobalSection(SolutionProperties) = preSolution
		HideSolutionNode = FALSE
	EndGlobalSection
	GlobalSection(ExtensibilityGlobals) = postSolution
		SolutionGuid = {30F85295-3870-4A25-95E6-18F693950443}
	EndGlobalSection
EndGlobal
